{
  "nodes": {
    "den": {
      "locked": {
        "lastModified": 1771364340,
        "narHash": "sha256-i6IoHdOqdJHjJHuTIZqPJVDn6VVOG1nyRXR70qYQej4=",
        "owner": "vic",
        "repo": "den",
        "rev": "f8cb8c618e1680e99c165d2bf826600170abb5a2",
        "type": "github"
      },
      "original": {
        "owner": "vic",
        "repo": "den",
        "type": "github"
      }
    },
    "flake-file": {
      "locked": {
        "lastModified": 1771017549,
        "narHash": "sha256-n68HeYEQJ67hMH2LPI0cERD2pkpNe5dyeOGg11uZ7rc=",
        "owner": "vic",
        "repo": "flake-file",
        "rev": "9d89918faacdbd2ce26d0aa7298da0fecad8b437",
        "type": "github"
      },
      "original": {
        "owner": "vic",
        "repo": "flake-file",
        "type": "github"
      }
    },
    "flake-parts": {
      "inputs": {
        "nixpkgs-lib": "nixpkgs-lib"
      },
      "locked": {
        "lastModified": 1769996383,
        "narHash": "sha256-AnYjnFWgS49RlqX7LrC4uA+sCCDBj0Ry/WOJ5XWAsa0=",
        "owner": "hercules-ci",
        "repo": "flake-parts",
        "rev": "57928607ea566b5db3ad13af0e57e921e6b12381",
        "type": "github"
      },
      "original": {
        "owner": "hercules-ci",
        "repo": "flake-parts",
        "type": "github"
      }
    },
    "flake-utils": {
      "inputs": {
        "systems": "systems"
      },
      "locked": {
        "lastModified": 1731533236,
        "narHash": "sha256-l0KFg5HjrsfsO/JpG+r7fRrqm12kzFHyUHqHCVpMMbI=",
        "owner": "numtide",
        "repo": "flake-utils",
        "rev": "11707dc2f618dd54ca8739b309ec4fc024de578b",
        "type": "github"
      },
      "original": {
        "owner": "numtide",
        "repo": "flake-utils",
        "type": "github"
      }
    },
    "import-tree": {
      "locked": {
        "lastModified": 1771045967,
        "narHash": "sha256-oYO4poyw0Sb/db2PigqugMlDwsvwLg6CSpFrMUWxA3Q=",
        "owner": "vic",
        "repo": "import-tree",
        "rev": "c968d3b54d12cf5d9c13f16f7c545a06c9d1fde6",
        "type": "github"
      },
      "original": {
        "owner": "vic",
        "repo": "import-tree",
        "type": "github"
      }
    },
    "nix-flake-tests": {
      "locked": {
        "lastModified": 1677844186,
        "narHash": "sha256-ErJZ/Gs1rxh561CJeWP5bohA2IcTq1rDneu1WT6CVII=",
        "owner": "antifuchs",
        "repo": "nix-flake-tests",
        "rev": "bbd9216bd0f6495bb961a8eb8392b7ef55c67afb",
        "type": "github"
      },
      "original": {
        "owner": "antifuchs",
        "repo": "nix-flake-tests",
        "type": "github"
      }
    },
    "nixpkgs": {
      "locked": {
        "lastModified": 1760878510,
        "narHash": "sha256-K5Osef2qexezUfs0alLvZ7nQFTGS9DL2oTVsIXsqLgs=",
        "owner": "nixos",
        "repo": "nixpkgs",
        "rev": "5e2a59a5b1a82f89f2c7e598302a9cacebb72a67",
        "type": "github"
      },
      "original": {
        "owner": "nixos",
        "ref": "nixos-unstable",
        "repo": "nixpkgs",
        "type": "github"
      }
    },
    "nixpkgs-lib": {
      "locked": {
        "lastModified": 1771119037,
        "narHash": "sha256-OAOcOMYrZwP1DS6sxGKNXdJjsTq+UtZiouBdW4X7LX8=",
        "owner": "nix-community",
        "repo": "nixpkgs.lib",
        "rev": "f472c854add422e3723c6fee2a470bbbec434006",
        "type": "github"
      },
      "original": {
        "owner": "nix-community",
        "repo": "nixpkgs.lib",
        "type": "github"
      }
    },
    "nmdsrc": {
      "flake": false,
      "locked": {
        "lastModified": 1757277932,
        "narHash": "sha256-eW2AzE4HeJXHKxSGDcp35/VQyxeESBt4p9i8QIFrSE8=",
        "ref": "refs/heads/master",
        "rev": "055e814ac35379dece164a8413d336b57c5d2e0c",
        "revCount": 67,
        "type": "git",
        "url": "https://git.sr.ht/~rycee/nmd"
      },
      "original": {
        "type": "git",
        "url": "https://git.sr.ht/~rycee/nmd"
      }
    },
    "root": {
      "inputs": {
        "den": "den",
        "flake-file": "flake-file",
        "flake-parts": "flake-parts",
        "import-tree": "import-tree",
        "nixpkgs": [
          "selfhostblocks",
          "nixpkgs"
        ],
        "selfhostblocks": "selfhostblocks",
        "systems": "systems_2"
      }
    },
    "selfhostblocks": {
      "inputs": {
        "flake-utils": "flake-utils",
        "nix-flake-tests": "nix-flake-tests",
        "nixpkgs": "nixpkgs",
        "nmdsrc": "nmdsrc"
      },
      "locked": {
        "lastModified": 1766725848,
        "narHash": "sha256-XIgsYhZ+yM4Wr23iWEr3TGggimes6Grt0yooMMZdf5M=",
        "owner": "Codys-Wright",
        "repo": "selfhostblocks",
        "rev": "3d87c590542dd678ac8a604e60d5402f9dd561e1",
        "type": "github"
      },
      "original": {
        "owner": "Codys-Wright",
        "repo": "selfhostblocks",
        "type": "github"
      }
    },
    "systems": {
      "locked": {
        "lastModified": 1681028828,
        "narHash": "sha256-Vy1rq5AaRuLzOxct8nz4T6wlgyUR7zLU309k9mBC768=",
        "owner": "nix-systems",
        "repo": "default",
        "rev": "da67096a3b9bf56a91d16901293e51ba5b49a27e",
        "type": "github"
      },
      "original": {
        "owner": "nix-systems",
        "repo": "default",
        "type": "github"
      }
    },
    "systems_2": {
      "locked": {
        "lastModified": 1681028828,
        "narHash": "sha256-Vy1rq5AaRuLzOxct8nz4T6wlgyUR7zLU309k9mBC768=",
        "owner": "nix-systems",
        "repo": "default",
        "rev": "da67096a3b9bf56a91d16901293e51ba5b49a27e",
        "type": "github"
      },
      "original": {
        "owner": "nix-systems",
        "repo": "default",
        "type": "github"
      }
    }
  },
  "root": "root",
  "version": 7
}
